
Microsoft Visual Studio Solution File, Format Version 12.00
# Visual Studio 15
VisualStudioVersion = 15.0.28307.1684
MinimumVisualStudioVersion = 10.0.40219.1
Project("{8BC9CEB8-8B4A-11D0-8D11-00A0C91BC942}") = "P15", "P15\P15.vcxproj", "{109122D6-11E5-4A05-8CC6-2172CC6557AE}"
EndProject
Global
	GlobalSection(SolutionConfigurationPlatforms) = preSolution
		Debug|x64 = Debug|x64
		Debug|x86 = Debug|x86
		Release|x64 = Release|x64
		Release|x86 = Release|x86
	EndGlobalSection
	GlobalSection(ProjectConfigurationPlatforms) = postSolution
		{109122D6-11E5-4A05-8CC6-2172CC6557AE}.Debug|x64.ActiveCfg = Debug|x64
		{109122D6-11E5-4A05-8CC6-2172CC6557AE}.Debug|x64.Build.0 = Debug|x64
		{109122D6-11E5-4A05-8CC6-2172CC6557AE}.Debug|x86.ActiveCfg = Debug|Win32
		{109122D6-11E5-4A05-8CC6-2172CC6557AE}.Debug|x86.Build.0 = Debug|Win32
		{109122D6-11E5-4A05-8CC6-2172CC6557AE}.Release|x64.ActiveCfg = Release|x64
		{109122D6-11E5-4A05-8CC6-2172CC6557AE}.Release|x64.Build.0 = Release|x64
		{109122D6-11E5-4A05-8CC6-2172CC6557AE}.Release|x86.ActiveCfg = Release|Win32
		{109122D6-11E5-4A05-8CC6-2172CC6557AE}.Release|x86.Build.0 = Release|Win32
	EndGlobalSection
	GlobalSection(SolutionProperties) = preSolution
		HideSolutionNode = FALSE
	EndGlobalSection
	GlobalSection(ExtensibilityGlobals) = postSolution
		SolutionGuid = {99FF9F85-C266-4306-A0C3-B4ADDB4A170D}
	EndGlobalSection
EndGlobal
